# THIS IS AN AUTOGENERATED FILE. DO NOT EDIT THIS FILE DIRECTLY.
# yarn lockfile v1


react-native-log-async-storage@^0.0.1:
  version "0.0.1"
  resolved "https://registry.yarnpkg.com/react-native-log-async-storage/-/react-native-log-async-storage-0.0.1.tgz#d96b33c5ac5900c582fae4970b57e624346a7655"
