// !$*UTF8*$!
{
	archiveVersion = 1;
	classes = {
	};
	objectVersion = 46;
	objects = {

/* Begin PBXBuildFile section */
		3DB1CA9B1FD7CFEE00DE8D33 /* RCTAsyncStorageDevMenuItem.m in Sources */ = {isa = PBXBuildFile; fileRef = 3DB1CA9A1FD7CFEE00DE8D33 /* RCTAsyncStorageDevMenuItem.m */; };
		3DB1CA9C1FD7CFEE00DE8D33 /* RCTAsyncStorageDevMenuItem.h in CopyFiles */ = {isa = PBXBuildFile; fileRef = 3DB1CA991FD7CFEE00DE8D33 /* RCTAsyncStorageDevMenuItem.h */; };
/* End PBXBuildFile section */

/* Begin PBXCopyFilesBuildPhase section */
		3DB1CA941FD7CFEE00DE8D33 /* CopyFiles */ = {
			isa = PBXCopyFilesBuildPhase;
			buildActionMask = 2147483647;
			dstPath = "include/$(PRODUCT_NAME)";
			dstSubfolderSpec = 16;
			files = (
				3DB1CA9C1FD7CFEE00DE8D33 /* RCTAsyncStorageDevMenuItem.h in CopyFiles */,
			);
			runOnlyForDeploymentPostprocessing = 0;
		};
/* End PBXCopyFilesBuildPhase section */

/* Begin PBXFileReference section */
		3DB1CA961FD7CFEE00DE8D33 /* libRCTAsyncStorageDevMenuItem.a */ = {isa = PBXFileReference; explicitFileType = archive.ar; includeInIndex = 0; path = libRCTAsyncStorageDevMenuItem.a; sourceTree = BUILT_PRODUCTS_DIR; };
		3DB1CA991FD7CFEE00DE8D33 /* RCTAsyncStorageDevMenuItem.h */ = {isa = PBXFileReference; lastKnownFileType = sourcecode.c.h; path = RCTAsyncStorageDevMenuItem.h; sourceTree = "<group>"; };
		3DB1CA9A1FD7CFEE00DE8D33 /* RCTAsyncStorageDevMenuItem.m */ = {isa = PBXFileReference; lastKnownFileType = sourcecode.c.objc; path = RCTAsyncStorageDevMenuItem.m; sourceTree = "<group>"; };
/* End PBXFileReference section */

/* Begin PBXFrameworksBuildPhase section */
		3DB1CA931FD7CFEE00DE8D33 /* Frameworks */ = {
			isa = PBXFrameworksBuildPhase;
			buildActionMask = 2147483647;
			files = (
			);
			runOnlyForDeploymentPostprocessing = 0;
		};
/* End PBXFrameworksBuildPhase section */

/* Begin PBXGroup section */
		3DB1CA8D1FD7CFEE00DE8D33 = {
			isa = PBXGroup;
			children = (
				3DB1CA981FD7CFEE00DE8D33 /* RCTAsyncStorageDevMenuItem */,
				3DB1CA971FD7CFEE00DE8D33 /* Products */,
			);
			sourceTree = "<group>";
		};
		3DB1CA971FD7CFEE00DE8D33 /* Products */ = {
			isa = PBXGroup;
			children = (
				3DB1CA961FD7CFEE00DE8D33 /* libRCTAsyncStorageDevMenuItem.a */,
			);
			name = Products;
			sourceTree = "<group>";
		};
		3DB1CA981FD7CFEE00DE8D33 /* RCTAsyncStorageDevMenuItem */ = {
			isa = PBXGroup;
			children = (
				3DB1CA991FD7CFEE00DE8D33 /* RCTAsyncStorageDevMenuItem.h */,
				3DB1CA9A1FD7CFEE00DE8D33 /* RCTAsyncStorageDevMenuItem.m */,
			);
			path = RCTAsyncStorageDevMenuItem;
			sourceTree = "<group>";
		};
/* End PBXGroup section */

/* Begin PBXNativeTarget section */
		3DB1CA951FD7CFEE00DE8D33 /* RCTAsyncStorageDevMenuItem */ = {
			isa = PBXNativeTarget;
			buildConfigurationList = 3DB1CA9F1FD7CFEE00DE8D33 /* Build configuration list for PBXNativeTarget "RCTAsyncStorageDevMenuItem" */;
			buildPhases = (
				3DB1CA921FD7CFEE00DE8D33 /* Sources */,
				3DB1CA931FD7CFEE00DE8D33 /* Frameworks */,
				3DB1CA941FD7CFEE00DE8D33 /* CopyFiles */,
			);
			buildRules = (
			);
			dependencies = (
			);
			name = RCTAsyncStorageDevMenuItem;
			productName = RCTAsyncStorageDevMenuItem;
			productReference = 3DB1CA961FD7CFEE00DE8D33 /* libRCTAsyncStorageDevMenuItem.a */;
			productType = "com.apple.product-type.library.static";
		};
/* End PBXNativeTarget section */

/* Begin PBXProject section */
		3DB1CA8E1FD7CFEE00DE8D33 /* Project object */ = {
			isa = PBXProject;
			attributes = {
				LastUpgradeCheck = 0830;
				ORGANIZATIONNAME = "Primlo UG (haftungsbeschraenkt)";
				TargetAttributes = {
					3DB1CA951FD7CFEE00DE8D33 = {
						CreatedOnToolsVersion = 8.3.3;
						DevelopmentTeam = RMZ9QZJD5L;
						ProvisioningStyle = Automatic;
					};
				};
			};
			buildConfigurationList = 3DB1CA911FD7CFEE00DE8D33 /* Build configuration list for PBXProject "RCTAsyncStorageDevMenuItem" */;
			compatibilityVersion = "Xcode 3.2";
			developmentRegion = English;
			hasScannedForEncodings = 0;
			knownRegions = (
				en,
			);
			mainGroup = 3DB1CA8D1FD7CFEE00DE8D33;
			productRefGroup = 3DB1CA971FD7CFEE00DE8D33 /* Products */;
			projectDirPath = "";
			projectRoot = "";
			targets = (
				3DB1CA951FD7CFEE00DE8D33 /* RCTAsyncStorageDevMenuItem */,
			);
		};
/* End PBXProject section */

/* Begin PBXSourcesBuildPhase section */
		3DB1CA921FD7CFEE00DE8D33 /* Sources */ = {
			isa = PBXSourcesBuildPhase;
			buildActionMask = 2147483647;
			files = (
				3DB1CA9B1FD7CFEE00DE8D33 /* RCTAsyncStorageDevMenuItem.m in Sources */,
			);
			runOnlyForDeploymentPostprocessing = 0;
		};
/* End PBXSourcesBuildPhase section */

/* Begin XCBuildConfiguration section */
		3DB1CA9D1FD7CFEE00DE8D33 /* Debug */ = {
			isa = XCBuildConfiguration;
			buildSettings = {
				ALWAYS_SEARCH_USER_PATHS = NO;
				CLANG_ANALYZER_NONNULL = YES;
				CLANG_ANALYZER_NUMBER_OBJECT_CONVERSION = YES_AGGRESSIVE;
				CLANG_CXX_LANGUAGE_STANDARD = "gnu++0x";
				CLANG_CXX_LIBRARY = "libc++";
				CLANG_ENABLE_MODULES = YES;
				CLANG_ENABLE_OBJC_ARC = YES;
				CLANG_WARN_BOOL_CONVERSION = YES;
				CLANG_WARN_CONSTANT_CONVERSION = YES;
				CLANG_WARN_DIRECT_OBJC_ISA_USAGE = YES_ERROR;
				CLANG_WARN_DOCUMENTATION_COMMENTS = YES;
				CLANG_WARN_EMPTY_BODY = YES;
				CLANG_WARN_ENUM_CONVERSION = YES;
				CLANG_WARN_INFINITE_RECURSION = YES;
				CLANG_WARN_INT_CONVERSION = YES;
				CLANG_WARN_OBJC_ROOT_CLASS = YES_ERROR;
				CLANG_WARN_SUSPICIOUS_MOVE = YES;
				CLANG_WARN_UNREACHABLE_CODE = YES;
				CLANG_WARN__DUPLICATE_METHOD_MATCH = YES;
				"CODE_SIGN_IDENTITY[sdk=iphoneos*]" = "iPhone Developer";
				COPY_PHASE_STRIP = NO;
				DEBUG_INFORMATION_FORMAT = dwarf;
				ENABLE_STRICT_OBJC_MSGSEND = YES;
				ENABLE_TESTABILITY = YES;
				GCC_C_LANGUAGE_STANDARD = gnu99;
				GCC_DYNAMIC_NO_PIC = NO;
				GCC_NO_COMMON_BLOCKS = YES;
				GCC_OPTIMIZATION_LEVEL = 0;
				GCC_PREPROCESSOR_DEFINITIONS = (
					"DEBUG=1",
					"$(inherited)",
				);
				GCC_WARN_64_TO_32_BIT_CONVERSION = YES;
				GCC_WARN_ABOUT_RETURN_TYPE = YES_ERROR;
				GCC_WARN_UNDECLARED_SELECTOR = YES;
				GCC_WARN_UNINITIALIZED_AUTOS = YES_AGGRESSIVE;
				GCC_WARN_UNUSED_FUNCTION = YES;
				GCC_WARN_UNUSED_VARIABLE = YES;
				IPHONEOS_DEPLOYMENT_TARGET = 10.3;
				MTL_ENABLE_DEBUG_INFO = YES;
				ONLY_ACTIVE_ARCH = YES;
				SDKROOT = iphoneos;
			};
			name = Debug;
		};
		3DB1CA9E1FD7CFEE00DE8D33 /* Release */ = {
			isa = XCBuildConfiguration;
			buildSettings = {
				ALWAYS_SEARCH_USER_PATHS = NO;
				CLANG_ANALYZER_NONNULL = YES;
				CLANG_ANALYZER_NUMBER_OBJECT_CONVERSION = YES_AGGRESSIVE;
				CLANG_CXX_LANGUAGE_STANDARD = "gnu++0x";
				CLANG_CXX_LIBRARY = "libc++";
				CLANG_ENABLE_MODULES = YES;
				CLANG_ENABLE_OBJC_ARC = YES;
				CLANG_WARN_BOOL_CONVERSION = YES;
				CLANG_WARN_CONSTANT_CONVERSION = YES;
				CLANG_WARN_DIRECT_OBJC_ISA_USAGE = YES_ERROR;
				CLANG_WARN_DOCUMENTATION_COMMENTS = YES;
				CLANG_WARN_EMPTY_BODY = YES;
				CLANG_WARN_ENUM_CONVERSION = YES;
				CLANG_WARN_INFINITE_RECURSION = YES;
				CLANG_WARN_INT_CONVERSION = YES;
				CLANG_WARN_OBJC_ROOT_CLASS = YES_ERROR;
				CLANG_WARN_SUSPICIOUS_MOVE = YES;
				CLANG_WARN_UNREACHABLE_CODE = YES;
				CLANG_WARN__DUPLICATE_METHOD_MATCH = YES;
				"CODE_SIGN_IDENTITY[sdk=iphoneos*]" = "iPhone Developer";
				COPY_PHASE_STRIP = NO;
				DEBUG_INFORMATION_FORMAT = "dwarf-with-dsym";
				ENABLE_NS_ASSERTIONS = NO;
				ENABLE_STRICT_OBJC_MSGSEND = YES;
				GCC_C_LANGUAGE_STANDARD = gnu99;
				GCC_NO_COMMON_BLOCKS = YES;
				GCC_WARN_64_TO_32_BIT_CONVERSION = YES;
				GCC_WARN_ABOUT_RETURN_TYPE = YES_ERROR;
				GCC_WARN_UNDECLARED_SELECTOR = YES;
				GCC_WARN_UNINITIALIZED_AUTOS = YES_AGGRESSIVE;
				GCC_WARN_UNUSED_FUNCTION = YES;
				GCC_WARN_UNUSED_VARIABLE = YES;
				IPHONEOS_DEPLOYMENT_TARGET = 10.3;
				MTL_ENABLE_DEBUG_INFO = NO;
				SDKROOT = iphoneos;
				VALIDATE_PRODUCT = YES;
			};
			name = Release;
		};
		3DB1CAA01FD7CFEE00DE8D33 /* Debug */ = {
			isa = XCBuildConfiguration;
			buildSettings = {
				DEVELOPMENT_TEAM = RMZ9QZJD5L;
				OTHER_LDFLAGS = "-ObjC";
				PRODUCT_NAME = "$(TARGET_NAME)";
				SKIP_INSTALL = YES;
			};
			name = Debug;
		};
		3DB1CAA11FD7CFEE00DE8D33 /* Release */ = {
			isa = XCBuildConfiguration;
			buildSettings = {
				DEVELOPMENT_TEAM = RMZ9QZJD5L;
				OTHER_LDFLAGS = "-ObjC";
				PRODUCT_NAME = "$(TARGET_NAME)";
				SKIP_INSTALL = YES;
			};
			name = Release;
		};
/* End XCBuildConfiguration section */

/* Begin XCConfigurationList section */
		3DB1CA911FD7CFEE00DE8D33 /* Build configuration list for PBXProject "RCTAsyncStorageDevMenuItem" */ = {
			isa = XCConfigurationList;
			buildConfigurations = (
				3DB1CA9D1FD7CFEE00DE8D33 /* Debug */,
				3DB1CA9E1FD7CFEE00DE8D33 /* Release */,
			);
			defaultConfigurationIsVisible = 0;
			defaultConfigurationName = Release;
		};
		3DB1CA9F1FD7CFEE00DE8D33 /* Build configuration list for PBXNativeTarget "RCTAsyncStorageDevMenuItem" */ = {
			isa = XCConfigurationList;
			buildConfigurations = (
				3DB1CAA01FD7CFEE00DE8D33 /* Debug */,
				3DB1CAA11FD7CFEE00DE8D33 /* Release */,
			);
			defaultConfigurationIsVisible = 0;
		};
/* End XCConfigurationList section */
	};
	rootObject = 3DB1CA8E1FD7CFEE00DE8D33 /* Project object */;
}
